
Microsoft Visual Studio Solution File, Format Version 12.00
Project("{FAE04EC0-301F-11D3-BF4B-00C04F79EFBC}") = "OrderService.Domain", "OrderService.Domain\OrderService.Domain.csproj", "{5E63B4D2-A68F-4B6C-A67E-AD502F17461B}"
EndProject
Project("{FAE04EC0-301F-11D3-BF4B-00C04F79EFBC}") = "OrderService.Infrastructure", "OrderService.Infrastructure\OrderService.Infrastructure.csproj", "{741BA556-BBC9-41CE-85A7-6EDB3FE05EF2}"
EndProject
Project("{FAE04EC0-301F-11D3-BF4B-00C04F79EFBC}") = "OrderService.Application", "OrderService.Application\OrderService.Application.csproj", "{ACB96B4D-AAE2-4EF8-B019-0A6C74766742}"
EndProject
Global
	GlobalSection(SolutionConfigurationPlatforms) = preSolution
		Debug|Any CPU = Debug|Any CPU
		Release|Any CPU = Release|Any CPU
	EndGlobalSection
	GlobalSection(ProjectConfigurationPlatforms) = postSolution
		{5E63B4D2-A68F-4B6C-A67E-AD502F17461B}.Debug|Any CPU.ActiveCfg = Debug|Any CPU
		{5E63B4D2-A68F-4B6C-A67E-AD502F17461B}.Debug|Any CPU.Build.0 = Debug|Any CPU
		{5E63B4D2-A68F-4B6C-A67E-AD502F17461B}.Release|Any CPU.ActiveCfg = Release|Any CPU
		{5E63B4D2-A68F-4B6C-A67E-AD502F17461B}.Release|Any CPU.Build.0 = Release|Any CPU
		{741BA556-BBC9-41CE-85A7-6EDB3FE05EF2}.Debug|Any CPU.ActiveCfg = Debug|Any CPU
		{741BA556-BBC9-41CE-85A7-6EDB3FE05EF2}.Debug|Any CPU.Build.0 = Debug|Any CPU
		{741BA556-BBC9-41CE-85A7-6EDB3FE05EF2}.Release|Any CPU.ActiveCfg = Release|Any CPU
		{741BA556-BBC9-41CE-85A7-6EDB3FE05EF2}.Release|Any CPU.Build.0 = Release|Any CPU
		{ACB96B4D-AAE2-4EF8-B019-0A6C74766742}.Debug|Any CPU.ActiveCfg = Debug|Any CPU
		{ACB96B4D-AAE2-4EF8-B019-0A6C74766742}.Debug|Any CPU.Build.0 = Debug|Any CPU
		{ACB96B4D-AAE2-4EF8-B019-0A6C74766742}.Release|Any CPU.ActiveCfg = Release|Any CPU
		{ACB96B4D-AAE2-4EF8-B019-0A6C74766742}.Release|Any CPU.Build.0 = Release|Any CPU
	EndGlobalSection
EndGlobal
