
Microsoft Visual Studio Solution File, Format Version 12.00
# Visual Studio Version 17
VisualStudioVersion = 17.14.36518.9
MinimumVisualStudioVersion = 10.0.40219.1
Project("{FAE04EC0-301F-11D3-BF4B-00C04F79EFBC}") = "ProductService.DAL", "ProductService.DAL\ProductService.DAL.csproj", "{C911AC42-7295-4325-AF18-38730F7BAE9E}"
EndProject
Project("{FAE04EC0-301F-11D3-BF4B-00C04F79EFBC}") = "ProductService.BLL", "ProductService.BLL\ProductService.BLL.csproj", "{A3CE65AE-DCB6-412D-B459-43CA25B10740}"
EndProject
Project("{FAE04EC0-301F-11D3-BF4B-00C04F79EFBC}") = "ProductService.API", "ProductService.API\ProductService.API.csproj", "{765AFE98-4273-475A-9EDC-4908199202AA}"
EndProject
Project("{FAE04EC0-301F-11D3-BF4B-00C04F79EFBC}") = "ProductService.IntegrationTests", "ProductService.IntegrationTests\ProductService.IntegrationTests.csproj", "{6560D142-BF03-4E5D-80EB-13EBBEBCBA70}"
EndProject
Project("{FAE04EC0-301F-11D3-BF4B-00C04F79EFBC}") = "ProductService.UnitTests", "ProductService.UnitTests\ProductService.UnitTests.csproj", "{68C88A26-E427-4EEF-BDDC-1546C77AEE5B}"
EndProject
Project("{2150E333-8FDC-42A3-9474-1A3956D46DE8}") = "Solution Items", "Solution Items", "{8EC462FD-D22E-90A8-E5CE-7E832BA40C5D}"
	ProjectSection(SolutionItems) = preProject
		Dockerfile = Dockerfile
		docker-compose.yml = docker-compose.yml
	EndProjectSection
EndProject
Global
	GlobalSection(SolutionConfigurationPlatforms) = preSolution
		Debug|Any CPU = Debug|Any CPU
		Release|Any CPU = Release|Any CPU
	EndGlobalSection
	GlobalSection(ProjectConfigurationPlatforms) = postSolution
		{C911AC42-7295-4325-AF18-38730F7BAE9E}.Debug|Any CPU.ActiveCfg = Debug|Any CPU
		{C911AC42-7295-4325-AF18-38730F7BAE9E}.Debug|Any CPU.Build.0 = Debug|Any CPU
		{C911AC42-7295-4325-AF18-38730F7BAE9E}.Release|Any CPU.ActiveCfg = Release|Any CPU
		{C911AC42-7295-4325-AF18-38730F7BAE9E}.Release|Any CPU.Build.0 = Release|Any CPU
		{A3CE65AE-DCB6-412D-B459-43CA25B10740}.Debug|Any CPU.ActiveCfg = Debug|Any CPU
		{A3CE65AE-DCB6-412D-B459-43CA25B10740}.Debug|Any CPU.Build.0 = Debug|Any CPU
		{A3CE65AE-DCB6-412D-B459-43CA25B10740}.Release|Any CPU.ActiveCfg = Release|Any CPU
		{A3CE65AE-DCB6-412D-B459-43CA25B10740}.Release|Any CPU.Build.0 = Release|Any CPU
		{765AFE98-4273-475A-9EDC-4908199202AA}.Debug|Any CPU.ActiveCfg = Debug|Any CPU
		{765AFE98-4273-475A-9EDC-4908199202AA}.Debug|Any CPU.Build.0 = Debug|Any CPU
		{765AFE98-4273-475A-9EDC-4908199202AA}.Release|Any CPU.ActiveCfg = Release|Any CPU
		{765AFE98-4273-475A-9EDC-4908199202AA}.Release|Any CPU.Build.0 = Release|Any CPU
		{6560D142-BF03-4E5D-80EB-13EBBEBCBA70}.Debug|Any CPU.ActiveCfg = Debug|Any CPU
		{6560D142-BF03-4E5D-80EB-13EBBEBCBA70}.Debug|Any CPU.Build.0 = Debug|Any CPU
		{6560D142-BF03-4E5D-80EB-13EBBEBCBA70}.Release|Any CPU.ActiveCfg = Release|Any CPU
		{6560D142-BF03-4E5D-80EB-13EBBEBCBA70}.Release|Any CPU.Build.0 = Release|Any CPU
		{68C88A26-E427-4EEF-BDDC-1546C77AEE5B}.Debug|Any CPU.ActiveCfg = Debug|Any CPU
		{68C88A26-E427-4EEF-BDDC-1546C77AEE5B}.Debug|Any CPU.Build.0 = Debug|Any CPU
		{68C88A26-E427-4EEF-BDDC-1546C77AEE5B}.Release|Any CPU.ActiveCfg = Release|Any CPU
		{68C88A26-E427-4EEF-BDDC-1546C77AEE5B}.Release|Any CPU.Build.0 = Release|Any CPU
	EndGlobalSection
	GlobalSection(SolutionProperties) = preSolution
		HideSolutionNode = FALSE
	EndGlobalSection
	GlobalSection(ExtensibilityGlobals) = postSolution
		SolutionGuid = {8C6993D6-5EE4-4707-8269-E879D79B5C02}
	EndGlobalSection
EndGlobal
